
Microsoft Visual Studio Solution File, Format Version 12.00
# Visual Studio 14
VisualStudioVersion = 14.0.24720.0
MinimumVisualStudioVersion = 10.0.40219.1
Project("{FAE04EC0-301F-11D3-BF4B-00C04F79EFBC}") = "Shapes", "Shapes\Shapes.csproj", "{8308C9E6-9292-48B1-A606-B19F06D10B93}"
EndProject
Project("{FAE04EC0-301F-11D3-BF4B-00C04F79EFBC}") = "BankAccounts", "BankAccounts\BankAccounts.csproj", "{19DD7E59-E5FE-4008-A946-1227A9D6423C}"
EndProject
Project("{FAE04EC0-301F-11D3-BF4B-00C04F79EFBC}") = "RangeExceptions", "angeExceptions\RangeExceptions.csproj", "{19D50411-F5A4-43E5-B5ED-AF20DA2795B9}"
EndProject
Global
	GlobalSection(SolutionConfigurationPlatforms) = preSolution
		Debug|Any CPU = Debug|Any CPU
		Release|Any CPU = Release|Any CPU
	EndGlobalSection
	GlobalSection(ProjectConfigurationPlatforms) = postSolution
		{8308C9E6-9292-48B1-A606-B19F06D10B93}.Debug|Any CPU.ActiveCfg = Debug|Any CPU
		{8308C9E6-9292-48B1-A606-B19F06D10B93}.Debug|Any CPU.Build.0 = Debug|Any CPU
		{8308C9E6-9292-48B1-A606-B19F06D10B93}.Release|Any CPU.ActiveCfg = Release|Any CPU
		{8308C9E6-9292-48B1-A606-B19F06D10B93}.Release|Any CPU.Build.0 = Release|Any CPU
		{19DD7E59-E5FE-4008-A946-1227A9D6423C}.Debug|Any CPU.ActiveCfg = Debug|Any CPU
		{19DD7E59-E5FE-4008-A946-1227A9D6423C}.Debug|Any CPU.Build.0 = Debug|Any CPU
		{19DD7E59-E5FE-4008-A946-1227A9D6423C}.Release|Any CPU.ActiveCfg = Release|Any CPU
		{19DD7E59-E5FE-4008-A946-1227A9D6423C}.Release|Any CPU.Build.0 = Release|Any CPU
		{19D50411-F5A4-43E5-B5ED-AF20DA2795B9}.Debug|Any CPU.ActiveCfg = Debug|Any CPU
		{19D50411-F5A4-43E5-B5ED-AF20DA2795B9}.Debug|Any CPU.Build.0 = Debug|Any CPU
		{19D50411-F5A4-43E5-B5ED-AF20DA2795B9}.Release|Any CPU.ActiveCfg = Release|Any CPU
		{19D50411-F5A4-43E5-B5ED-AF20DA2795B9}.Release|Any CPU.Build.0 = Release|Any CPU
	EndGlobalSection
	GlobalSection(SolutionProperties) = preSolution
		HideSolutionNode = FALSE
	EndGlobalSection
EndGlobal
