
Microsoft Visual Studio Solution File, Format Version 12.00
# Visual Studio 14
VisualStudioVersion = 14.0.24720.0
MinimumVisualStudioVersion = 10.0.40219.1
Project("{FAE04EC0-301F-11D3-BF4B-00C04F79EFBC}") = "Snake", "Snake\Snake.csproj", "{FAEFE0CC-DB5B-4FA9-8D1E-1A649102095D}"
EndProject
Global
	GlobalSection(SolutionConfigurationPlatforms) = preSolution
		Debug|Any CPU = Debug|Any CPU
		Release|Any CPU = Release|Any CPU
	EndGlobalSection
	GlobalSection(ProjectConfigurationPlatforms) = postSolution
		{FAEFE0CC-DB5B-4FA9-8D1E-1A649102095D}.Debug|Any CPU.ActiveCfg = Debug|Any CPU
		{FAEFE0CC-DB5B-4FA9-8D1E-1A649102095D}.Debug|Any CPU.Build.0 = Debug|Any CPU
		{FAEFE0CC-DB5B-4FA9-8D1E-1A649102095D}.Release|Any CPU.ActiveCfg = Release|Any CPU
		{FAEFE0CC-DB5B-4FA9-8D1E-1A649102095D}.Release|Any CPU.Build.0 = Release|Any CPU
	EndGlobalSection
	GlobalSection(SolutionProperties) = preSolution
		HideSolutionNode = FALSE
	EndGlobalSection
EndGlobal
