
Microsoft Visual Studio Solution File, Format Version 12.00
# Visual Studio 14
VisualStudioVersion = 14.0.24720.0
MinimumVisualStudioVersion = 10.0.40219.1
Project("{FAE04EC0-301F-11D3-BF4B-00C04F79EFBC}") = "Shapes", "Shapes\Shapes.csproj", "{BFC0AC0A-634E-4CFF-9315-3B2365F23F2F}"
EndProject
Project("{FAE04EC0-301F-11D3-BF4B-00C04F79EFBC}") = "BankAccounts.cs", "BankAccounts.cs\BankAccounts.cs.csproj", "{2D5438EA-67C2-427F-A4C0-2ACCB57B43B2}"
EndProject
Project("{FAE04EC0-301F-11D3-BF4B-00C04F79EFBC}") = "Range Exceptions.cs", "Range Exceptions.cs\Range Exceptions.cs.csproj", "{83E410A0-BC09-418E-9554-DAC542F98A34}"
EndProject
Global
	GlobalSection(SolutionConfigurationPlatforms) = preSolution
		Debug|Any CPU = Debug|Any CPU
		Release|Any CPU = Release|Any CPU
	EndGlobalSection
	GlobalSection(ProjectConfigurationPlatforms) = postSolution
		{BFC0AC0A-634E-4CFF-9315-3B2365F23F2F}.Debug|Any CPU.ActiveCfg = Debug|Any CPU
		{BFC0AC0A-634E-4CFF-9315-3B2365F23F2F}.Debug|Any CPU.Build.0 = Debug|Any CPU
		{BFC0AC0A-634E-4CFF-9315-3B2365F23F2F}.Release|Any CPU.ActiveCfg = Release|Any CPU
		{BFC0AC0A-634E-4CFF-9315-3B2365F23F2F}.Release|Any CPU.Build.0 = Release|Any CPU
		{2D5438EA-67C2-427F-A4C0-2ACCB57B43B2}.Debug|Any CPU.ActiveCfg = Debug|Any CPU
		{2D5438EA-67C2-427F-A4C0-2ACCB57B43B2}.Debug|Any CPU.Build.0 = Debug|Any CPU
		{2D5438EA-67C2-427F-A4C0-2ACCB57B43B2}.Release|Any CPU.ActiveCfg = Release|Any CPU
		{2D5438EA-67C2-427F-A4C0-2ACCB57B43B2}.Release|Any CPU.Build.0 = Release|Any CPU
		{83E410A0-BC09-418E-9554-DAC542F98A34}.Debug|Any CPU.ActiveCfg = Debug|Any CPU
		{83E410A0-BC09-418E-9554-DAC542F98A34}.Debug|Any CPU.Build.0 = Debug|Any CPU
		{83E410A0-BC09-418E-9554-DAC542F98A34}.Release|Any CPU.ActiveCfg = Release|Any CPU
		{83E410A0-BC09-418E-9554-DAC542F98A34}.Release|Any CPU.Build.0 = Release|Any CPU
	EndGlobalSection
	GlobalSection(SolutionProperties) = preSolution
		HideSolutionNode = FALSE
	EndGlobalSection
EndGlobal
